
Microsoft Visual Studio Solution File, Format Version 12.00
# Visual Studio Version 16
VisualStudioVersion = 16.0.33920.266
MinimumVisualStudioVersion = 10.0.40219.1
Project("{8BC9CEB8-8B4A-11D0-8D11-00A0C91BC942}") = "Project2", "Project2\Project2.vcxproj", "{8913512A-6BD3-4E24-B35B-34A31036DC72}"
EndProject
Global
	GlobalSection(SolutionConfigurationPlatforms) = preSolution
		Debug|x64 = Debug|x64
		Debug|x86 = Debug|x86
		Release|x64 = Release|x64
		Release|x86 = Release|x86
	EndGlobalSection
	GlobalSection(ProjectConfigurationPlatforms) = postSolution
		{8913512A-6BD3-4E24-B35B-34A31036DC72}.Debug|x64.ActiveCfg = Debug|x64
		{8913512A-6BD3-4E24-B35B-34A31036DC72}.Debug|x64.Build.0 = Debug|x64
		{8913512A-6BD3-4E24-B35B-34A31036DC72}.Debug|x86.ActiveCfg = Debug|Win32
		{8913512A-6BD3-4E24-B35B-34A31036DC72}.Debug|x86.Build.0 = Debug|Win32
		{8913512A-6BD3-4E24-B35B-34A31036DC72}.Release|x64.ActiveCfg = Release|x64
		{8913512A-6BD3-4E24-B35B-34A31036DC72}.Release|x64.Build.0 = Release|x64
		{8913512A-6BD3-4E24-B35B-34A31036DC72}.Release|x86.ActiveCfg = Release|Win32
		{8913512A-6BD3-4E24-B35B-34A31036DC72}.Release|x86.Build.0 = Release|Win32
	EndGlobalSection
	GlobalSection(SolutionProperties) = preSolution
		HideSolutionNode = FALSE
	EndGlobalSection
	GlobalSection(ExtensibilityGlobals) = postSolution
		SolutionGuid = {599D0F2C-0762-4950-974A-82041B7F0101}
	EndGlobalSection
EndGlobal
